
Microsoft Visual Studio Solution File, Format Version 12.00
# Visual Studio Version 16
VisualStudioVersion = 16.0.30011.22
MinimumVisualStudioVersion = 10.0.40219.1
Project("{FAE04EC0-301F-11D3-BF4B-00C04F79EFBC}") = "Entidades", "Entidades\Entidades.csproj", "{674DAA62-6B0F-49AD-B111-8F53C5EF07E9}"
EndProject
Project("{FAE04EC0-301F-11D3-BF4B-00C04F79EFBC}") = "MainCorreo", "MainCorreo\MainCorreo.csproj", "{6F54D43B-7084-437A-9DE8-A1ACE6E7CAAD}"
EndProject
Project("{FAE04EC0-301F-11D3-BF4B-00C04F79EFBC}") = "TestU", "TestU\TestU.csproj", "{4389CDF9-A9CD-4C63-8254-F77D2C29EAB9}"
EndProject
Global
	GlobalSection(SolutionConfigurationPlatforms) = preSolution
		Debug|Any CPU = Debug|Any CPU
		Release|Any CPU = Release|Any CPU
	EndGlobalSection
	GlobalSection(ProjectConfigurationPlatforms) = postSolution
		{674DAA62-6B0F-49AD-B111-8F53C5EF07E9}.Debug|Any CPU.ActiveCfg = Debug|Any CPU
		{674DAA62-6B0F-49AD-B111-8F53C5EF07E9}.Debug|Any CPU.Build.0 = Debug|Any CPU
		{674DAA62-6B0F-49AD-B111-8F53C5EF07E9}.Release|Any CPU.ActiveCfg = Release|Any CPU
		{674DAA62-6B0F-49AD-B111-8F53C5EF07E9}.Release|Any CPU.Build.0 = Release|Any CPU
		{6F54D43B-7084-437A-9DE8-A1ACE6E7CAAD}.Debug|Any CPU.ActiveCfg = Debug|Any CPU
		{6F54D43B-7084-437A-9DE8-A1ACE6E7CAAD}.Debug|Any CPU.Build.0 = Debug|Any CPU
		{6F54D43B-7084-437A-9DE8-A1ACE6E7CAAD}.Release|Any CPU.ActiveCfg = Release|Any CPU
		{6F54D43B-7084-437A-9DE8-A1ACE6E7CAAD}.Release|Any CPU.Build.0 = Release|Any CPU
		{4389CDF9-A9CD-4C63-8254-F77D2C29EAB9}.Debug|Any CPU.ActiveCfg = Debug|Any CPU
		{4389CDF9-A9CD-4C63-8254-F77D2C29EAB9}.Debug|Any CPU.Build.0 = Debug|Any CPU
		{4389CDF9-A9CD-4C63-8254-F77D2C29EAB9}.Release|Any CPU.ActiveCfg = Release|Any CPU
		{4389CDF9-A9CD-4C63-8254-F77D2C29EAB9}.Release|Any CPU.Build.0 = Release|Any CPU
	EndGlobalSection
	GlobalSection(SolutionProperties) = preSolution
		HideSolutionNode = FALSE
	EndGlobalSection
	GlobalSection(ExtensibilityGlobals) = postSolution
		SolutionGuid = {5C10161B-53D9-4CDE-9741-EF98558352BE}
	EndGlobalSection
EndGlobal
